PODS:
  - DeviceKit (1.0.1)
  - ETUtilities (2.0):
    - DeviceKit (~> 1.0)
  - FBSnapshotTestCase (2.1.4):
    - FBSnapshotTestCase/SwiftSupport (= 2.1.4)
  - FBSnapshotTestCase/Core (2.1.4)
  - FBSnapshotTestCase/SwiftSupport (2.1.4):
    - FBSnapshotTestCase/Core
  - Nimble (5.1.1)
  - Nimble-Snapshots (4.4.0):
    - Nimble-Snapshots/Core (= 4.4.0)
  - Nimble-Snapshots/Core (4.4.0):
    - FBSnapshotTestCase (~> 2.0)
    - Nimble
    - Quick
  - Quick (1.0.0)

DEPENDENCIES:
  - ETUtilities (from `../`)
  - FBSnapshotTestCase
  - Nimble (~> 5.1.1)
  - Nimble-Snapshots
  - Quick (~> 1.0.0)

EXTERNAL SOURCES:
  ETUtilities:
    :path: ../

SPEC CHECKSUMS:
  DeviceKit: a58a0b7df97065fdeef52e3084e1fa6863ed1dc9
  ETUtilities: cfbc350c835197bdc156d7be9cb5990c39b4fe14
  FBSnapshotTestCase: f9f60bd5f08c82459eec7586ae68e031f5137dd7
  Nimble: 0b5e5cd832a2f8d6a55523c682ae71571727a3fb
  Nimble-Snapshots: b7499b4bb25bb8fb4ceddebc95bb379147f61b91
  Quick: 93585aee74346a92e1ad2b7f3caedf89c9664229

PODFILE CHECKSUM: 30130f029035f523b6a7c883b97814a2b869419f

COCOAPODS: 1.1.1
